
Microsoft Visual Studio Solution File, Format Version 12.00
# Visual Studio 15
VisualStudioVersion = 15.0.27004.2005
MinimumVisualStudioVersion = 10.0.40219.1
Project("{FAE04EC0-301F-11D3-BF4B-00C04F79EFBC}") = "mymoney", "mymoney\mymoney.csproj", "{70B767DB-2E5F-47EF-AADF-0BE4428CC126}"
EndProject
Project("{FAE04EC0-301F-11D3-BF4B-00C04F79EFBC}") = "mymoney.Tests", "mymoney.Tests\mymoney.Tests.csproj", "{3C043C0B-8CA9-4982-8733-1C5BF8004D0A}"
EndProject
Global
	GlobalSection(SolutionConfigurationPlatforms) = preSolution
		Debug|Any CPU = Debug|Any CPU
		Release|Any CPU = Release|Any CPU
	EndGlobalSection
	GlobalSection(ProjectConfigurationPlatforms) = postSolution
		{70B767DB-2E5F-47EF-AADF-0BE4428CC126}.Debug|Any CPU.ActiveCfg = Debug|Any CPU
		{70B767DB-2E5F-47EF-AADF-0BE4428CC126}.Debug|Any CPU.Build.0 = Debug|Any CPU
		{70B767DB-2E5F-47EF-AADF-0BE4428CC126}.Release|Any CPU.ActiveCfg = Release|Any CPU
		{70B767DB-2E5F-47EF-AADF-0BE4428CC126}.Release|Any CPU.Build.0 = Release|Any CPU
		{3C043C0B-8CA9-4982-8733-1C5BF8004D0A}.Debug|Any CPU.ActiveCfg = Debug|Any CPU
		{3C043C0B-8CA9-4982-8733-1C5BF8004D0A}.Debug|Any CPU.Build.0 = Debug|Any CPU
		{3C043C0B-8CA9-4982-8733-1C5BF8004D0A}.Release|Any CPU.ActiveCfg = Release|Any CPU
		{3C043C0B-8CA9-4982-8733-1C5BF8004D0A}.Release|Any CPU.Build.0 = Release|Any CPU
	EndGlobalSection
	GlobalSection(SolutionProperties) = preSolution
		HideSolutionNode = FALSE
	EndGlobalSection
	GlobalSection(ExtensibilityGlobals) = postSolution
		SolutionGuid = {059B8991-D61E-4640-AECB-339E936F56A1}
	EndGlobalSection
EndGlobal
